
Microsoft Visual Studio Solution File, Format Version 12.00
# Visual Studio Version 17
VisualStudioVersion = 17.13.35919.96 d17.13
MinimumVisualStudioVersion = 10.0.40219.1
Project("{FAE04EC0-301F-11D3-BF4B-00C04F79EFBC}") = "CareerSimTextDemo", "CareerSimTextDemo.csproj", "{CC1DB086-C761-2C83-A356-F562A0D8A974}"
EndProject
Global
	GlobalSection(SolutionConfigurationPlatforms) = preSolution
		Debug|Any CPU = Debug|Any CPU
		Debug|x64 = Debug|x64
		Release|Any CPU = Release|Any CPU
		Release|x64 = Release|x64
	EndGlobalSection
	GlobalSection(ProjectConfigurationPlatforms) = postSolution
		{CC1DB086-C761-2C83-A356-F562A0D8A974}.Debug|Any CPU.ActiveCfg = Debug|Any CPU
		{CC1DB086-C761-2C83-A356-F562A0D8A974}.Debug|Any CPU.Build.0 = Debug|Any CPU
		{CC1DB086-C761-2C83-A356-F562A0D8A974}.Debug|x64.ActiveCfg = Debug|x64
		{CC1DB086-C761-2C83-A356-F562A0D8A974}.Debug|x64.Build.0 = Debug|x64
		{CC1DB086-C761-2C83-A356-F562A0D8A974}.Release|Any CPU.ActiveCfg = Release|Any CPU
		{CC1DB086-C761-2C83-A356-F562A0D8A974}.Release|Any CPU.Build.0 = Release|Any CPU
		{CC1DB086-C761-2C83-A356-F562A0D8A974}.Release|x64.ActiveCfg = Release|x64
		{CC1DB086-C761-2C83-A356-F562A0D8A974}.Release|x64.Build.0 = Release|x64
	EndGlobalSection
	GlobalSection(SolutionProperties) = preSolution
		HideSolutionNode = FALSE
	EndGlobalSection
	GlobalSection(ExtensibilityGlobals) = postSolution
		SolutionGuid = {1C67EAEE-C2FC-4016-86CF-156BD6179990}
	EndGlobalSection
EndGlobal
